{
  "name": "@albertoarena/envaudit",
  "version": "1.0.1",
  "lockfileVersion": 3,
  "requires": true,
  "packages": {
    "": {
      "name": "@albertoarena/envaudit",
      "version": "1.0.1",
      "license": "MIT",
      "bin": {
        "envaudit": "bin/envaudit.js"
      },
      "engines": {
        "node": ">=18"
      }
    }
  }
}
